
Microsoft Visual Studio Solution File, Format Version 12.00
# Visual Studio Version 17
VisualStudioVersion = 17.5.33627.172
MinimumVisualStudioVersion = 10.0.40219.1
Project("{9A19103F-16F7-4668-BE54-9A1E7A4F7556}") = "TieredBankAccount", "TieredBankAccount\TieredBankAccount.csproj", "{E83B7BD0-D31A-4622-8BF4-73BCC05DA291}"
EndProject
Project("{FAE04EC0-301F-11D3-BF4B-00C04F79EFBC}") = "TieredArchitectureUnitTests", "TieredArchitectureUnitTests\TieredArchitectureUnitTests.csproj", "{27747C8A-7AEC-4FD3-AE2A-3771839F9900}"
EndProject
Global
	GlobalSection(SolutionConfigurationPlatforms) = preSolution
		Debug|Any CPU = Debug|Any CPU
		Release|Any CPU = Release|Any CPU
	EndGlobalSection
	GlobalSection(ProjectConfigurationPlatforms) = postSolution
		{E83B7BD0-D31A-4622-8BF4-73BCC05DA291}.Debug|Any CPU.ActiveCfg = Debug|Any CPU
		{E83B7BD0-D31A-4622-8BF4-73BCC05DA291}.Debug|Any CPU.Build.0 = Debug|Any CPU
		{E83B7BD0-D31A-4622-8BF4-73BCC05DA291}.Release|Any CPU.ActiveCfg = Release|Any CPU
		{E83B7BD0-D31A-4622-8BF4-73BCC05DA291}.Release|Any CPU.Build.0 = Release|Any CPU
		{27747C8A-7AEC-4FD3-AE2A-3771839F9900}.Debug|Any CPU.ActiveCfg = Debug|Any CPU
		{27747C8A-7AEC-4FD3-AE2A-3771839F9900}.Debug|Any CPU.Build.0 = Debug|Any CPU
		{27747C8A-7AEC-4FD3-AE2A-3771839F9900}.Release|Any CPU.ActiveCfg = Release|Any CPU
		{27747C8A-7AEC-4FD3-AE2A-3771839F9900}.Release|Any CPU.Build.0 = Release|Any CPU
	EndGlobalSection
	GlobalSection(SolutionProperties) = preSolution
		HideSolutionNode = FALSE
	EndGlobalSection
	GlobalSection(ExtensibilityGlobals) = postSolution
		SolutionGuid = {09F11121-FC0B-4CE8-9ECB-AAD4DBA65C67}
	EndGlobalSection
EndGlobal
